// !$*UTF8*$!
{
	archiveVersion = 1;
	classes = {
	};
	objectVersion = 50;
	objects = {

/* Begin PBXBuildFile section */
		4993100926F39DD2009290AD /* LandmarksApp.swift in Sources */ = {isa = PBXBuildFile; fileRef = 4993100826F39DD2009290AD /* LandmarksApp.swift */; };
		4993100B26F39DD2009290AD /* ContentView.swift in Sources */ = {isa = PBXBuildFile; fileRef = 4993100A26F39DD2009290AD /* ContentView.swift */; };
		4993100D26F39DD4009290AD /* Assets.xcassets in Resources */ = {isa = PBXBuildFile; fileRef = 4993100C26F39DD4009290AD /* Assets.xcassets */; };
		4993101026F39DD4009290AD /* Preview Assets.xcassets in Resources */ = {isa = PBXBuildFile; fileRef = 4993100F26F39DD4009290AD /* Preview Assets.xcassets */; };
		4993101B26F39DD5009290AD /* LandmarksTests.swift in Sources */ = {isa = PBXBuildFile; fileRef = 4993101A26F39DD5009290AD /* LandmarksTests.swift */; };
		4993102626F39DD5009290AD /* LandmarksUITests.swift in Sources */ = {isa = PBXBuildFile; fileRef = 4993102526F39DD5009290AD /* LandmarksUITests.swift */; };
		4993103726F3A2C4009290AD /* CircleImage.swift in Sources */ = {isa = PBXBuildFile; fileRef = 4993103626F3A2C3009290AD /* CircleImage.swift */; };
		4993103C26F3A3A6009290AD /* MapView.swift in Sources */ = {isa = PBXBuildFile; fileRef = 4993103B26F3A3A6009290AD /* MapView.swift */; };
		4993104126F3AD25009290AD /* Landmark.swift in Sources */ = {isa = PBXBuildFile; fileRef = 4993104026F3AD25009290AD /* Landmark.swift */; };
		4993104626F3AF9A009290AD /* landmarkData.json in Resources */ = {isa = PBXBuildFile; fileRef = 4993104526F3AF9A009290AD /* landmarkData.json */; };
		4993104B26F3B0C2009290AD /* ModelData.swift in Sources */ = {isa = PBXBuildFile; fileRef = 4993104A26F3B0C2009290AD /* ModelData.swift */; };
		4993105326F3B284009290AD /* LandmarkRow.swift in Sources */ = {isa = PBXBuildFile; fileRef = 4993105226F3B284009290AD /* LandmarkRow.swift */; };
		4993105B26F3B4DE009290AD /* LandmarkList.swift in Sources */ = {isa = PBXBuildFile; fileRef = 4993105A26F3B4DE009290AD /* LandmarkList.swift */; };
		4993106026F3B670009290AD /* LandmarkDetail.swift in Sources */ = {isa = PBXBuildFile; fileRef = 4993105F26F3B670009290AD /* LandmarkDetail.swift */; };
		4993106526F42877009290AD /* FavoriteButton.swift in Sources */ = {isa = PBXBuildFile; fileRef = 4993106426F42877009290AD /* FavoriteButton.swift */; };
		4993107226F42C65009290AD /* HexagonParameters.swift in Sources */ = {isa = PBXBuildFile; fileRef = 4993107126F42C65009290AD /* HexagonParameters.swift */; };
		4993107726F42D73009290AD /* BadgeBackground.swift in Sources */ = {isa = PBXBuildFile; fileRef = 4993107626F42D73009290AD /* BadgeBackground.swift */; };
		4993107C26F42EA9009290AD /* BadgeSymbol.swift in Sources */ = {isa = PBXBuildFile; fileRef = 4993107B26F42EA9009290AD /* BadgeSymbol.swift */; };
		4993108126F42ED5009290AD /* RotatedBadgeSymbol.swift in Sources */ = {isa = PBXBuildFile; fileRef = 4993108026F42ED5009290AD /* RotatedBadgeSymbol.swift */; };
		4993108626F42FC1009290AD /* Badge.swift in Sources */ = {isa = PBXBuildFile; fileRef = 4993108526F42FC1009290AD /* Badge.swift */; };
		4993108F26F43107009290AD /* hikeData.json in Resources */ = {isa = PBXBuildFile; fileRef = 4993108E26F43107009290AD /* hikeData.json */; };
/* End PBXBuildFile section */

/* Begin PBXContainerItemProxy section */
		4993101726F39DD4009290AD /* PBXContainerItemProxy */ = {
			isa = PBXContainerItemProxy;
			containerPortal = 49930FFD26F39DD2009290AD /* Project object */;
			proxyType = 1;
			remoteGlobalIDString = 4993100426F39DD2009290AD;
			remoteInfo = Landmarks;
		};
		4993102226F39DD5009290AD /* PBXContainerItemProxy */ = {
			isa = PBXContainerItemProxy;
			containerPortal = 49930FFD26F39DD2009290AD /* Project object */;
			proxyType = 1;
			remoteGlobalIDString = 4993100426F39DD2009290AD;
			remoteInfo = Landmarks;
		};
/* End PBXContainerItemProxy section */

/* Begin PBXFileReference section */
		4993100526F39DD2009290AD /* Landmarks.app */ = {isa = PBXFileReference; explicitFileType = wrapper.application; includeInIndex = 0; path = Landmarks.app; sourceTree = BUILT_PRODUCTS_DIR; };
		4993100826F39DD2009290AD /* LandmarksApp.swift */ = {isa = PBXFileReference; lastKnownFileType = sourcecode.swift; path = LandmarksApp.swift; sourceTree = "<group>"; };
		4993100A26F39DD2009290AD /* ContentView.swift */ = {isa = PBXFileReference; lastKnownFileType = sourcecode.swift; path = ContentView.swift; sourceTree = "<group>"; };
		4993100C26F39DD4009290AD /* Assets.xcassets */ = {isa = PBXFileReference; lastKnownFileType = folder.assetcatalog; path = Assets.xcassets; sourceTree = "<group>"; };
		4993100F26F39DD4009290AD /* Preview Assets.xcassets */ = {isa = PBXFileReference; lastKnownFileType = folder.assetcatalog; path = "Preview Assets.xcassets"; sourceTree = "<group>"; };
		4993101126F39DD4009290AD /* Info.plist */ = {isa = PBXFileReference; lastKnownFileType = text.plist.xml; path = Info.plist; sourceTree = "<group>"; };
		4993101626F39DD4009290AD /* LandmarksTests.xctest */ = {isa = PBXFileReference; explicitFileType = wrapper.cfbundle; includeInIndex = 0; path = LandmarksTests.xctest; sourceTree = BUILT_PRODUCTS_DIR; };
		4993101A26F39DD5009290AD /* LandmarksTests.swift */ = {isa = PBXFileReference; lastKnownFileType = sourcecode.swift; path = LandmarksTests.swift; sourceTree = "<group>"; };
		4993101C26F39DD5009290AD /* Info.plist */ = {isa = PBXFileReference; lastKnownFileType = text.plist.xml; path = Info.plist; sourceTree = "<group>"; };
		4993102126F39DD5009290AD /* LandmarksUITests.xctest */ = {isa = PBXFileReference; explicitFileType = wrapper.cfbundle; includeInIndex = 0; path = LandmarksUITests.xctest; sourceTree = BUILT_PRODUCTS_DIR; };
		4993102526F39DD5009290AD /* LandmarksUITests.swift */ = {isa = PBXFileReference; lastKnownFileType = sourcecode.swift; path = LandmarksUITests.swift; sourceTree = "<group>"; };
		4993102726F39DD5009290AD /* Info.plist */ = {isa = PBXFileReference; lastKnownFileType = text.plist.xml; path = Info.plist; sourceTree = "<group>"; };
		4993103626F3A2C3009290AD /* CircleImage.swift */ = {isa = PBXFileReference; lastKnownFileType = sourcecode.swift; path = CircleImage.swift; sourceTree = "<group>"; };
		4993103B26F3A3A6009290AD /* MapView.swift */ = {isa = PBXFileReference; lastKnownFileType = sourcecode.swift; path = MapView.swift; sourceTree = "<group>"; };
		4993104026F3AD25009290AD /* Landmark.swift */ = {isa = PBXFileReference; lastKnownFileType = sourcecode.swift; path = Landmark.swift; sourceTree = "<group>"; };
		4993104526F3AF9A009290AD /* landmarkData.json */ = {isa = PBXFileReference; fileEncoding = 4; lastKnownFileType = text.json; path = landmarkData.json; sourceTree = "<group>"; };
		4993104A26F3B0C2009290AD /* ModelData.swift */ = {isa = PBXFileReference; lastKnownFileType = sourcecode.swift; path = ModelData.swift; sourceTree = "<group>"; };
		4993105226F3B284009290AD /* LandmarkRow.swift */ = {isa = PBXFileReference; lastKnownFileType = sourcecode.swift; path = LandmarkRow.swift; sourceTree = "<group>"; };
		4993105A26F3B4DE009290AD /* LandmarkList.swift */ = {isa = PBXFileReference; lastKnownFileType = sourcecode.swift; path = LandmarkList.swift; sourceTree = "<group>"; };
		4993105F26F3B670009290AD /* LandmarkDetail.swift */ = {isa = PBXFileReference; lastKnownFileType = sourcecode.swift; path = LandmarkDetail.swift; sourceTree = "<group>"; };
		4993106426F42877009290AD /* FavoriteButton.swift */ = {isa = PBXFileReference; lastKnownFileType = sourcecode.swift; path = FavoriteButton.swift; sourceTree = "<group>"; };
		4993107126F42C65009290AD /* HexagonParameters.swift */ = {isa = PBXFileReference; lastKnownFileType = sourcecode.swift; path = HexagonParameters.swift; sourceTree = "<group>"; };
		4993107626F42D73009290AD /* BadgeBackground.swift */ = {isa = PBXFileReference; lastKnownFileType = sourcecode.swift; path = BadgeBackground.swift; sourceTree = "<group>"; };
		4993107B26F42EA9009290AD /* BadgeSymbol.swift */ = {isa = PBXFileReference; lastKnownFileType = sourcecode.swift; path = BadgeSymbol.swift; sourceTree = "<group>"; };
		4993108026F42ED5009290AD /* RotatedBadgeSymbol.swift */ = {isa = PBXFileReference; lastKnownFileType = sourcecode.swift; path = RotatedBadgeSymbol.swift; sourceTree = "<group>"; };
		4993108526F42FC1009290AD /* Badge.swift */ = {isa = PBXFileReference; lastKnownFileType = sourcecode.swift; path = Badge.swift; sourceTree = "<group>"; };
		4993108E26F43107009290AD /* hikeData.json */ = {isa = PBXFileReference; fileEncoding = 4; lastKnownFileType = text.json; path = hikeData.json; sourceTree = "<group>"; };
/* End PBXFileReference section */

/* Begin PBXFrameworksBuildPhase section */
		4993100226F39DD2009290AD /* Frameworks */ = {
			isa = PBXFrameworksBuildPhase;
			buildActionMask = 2147483647;
			files = (
			);
			runOnlyForDeploymentPostprocessing = 0;
		};
		4993101326F39DD4009290AD /* Frameworks */ = {
			isa = PBXFrameworksBuildPhase;
			buildActionMask = 2147483647;
			files = (
			);
			runOnlyForDeploymentPostprocessing = 0;
		};
		4993101E26F39DD5009290AD /* Frameworks */ = {
			isa = PBXFrameworksBuildPhase;
			buildActionMask = 2147483647;
			files = (
			);
			runOnlyForDeploymentPostprocessing = 0;
		};
/* End PBXFrameworksBuildPhase section */

/* Begin PBXGroup section */
		49930FFC26F39DD2009290AD = {
			isa = PBXGroup;
			children = (
				4993100726F39DD2009290AD /* Landmarks */,
				4993101926F39DD4009290AD /* LandmarksTests */,
				4993102426F39DD5009290AD /* LandmarksUITests */,
				4993100626F39DD2009290AD /* Products */,
			);
			sourceTree = "<group>";
		};
		4993100626F39DD2009290AD /* Products */ = {
			isa = PBXGroup;
			children = (
				4993100526F39DD2009290AD /* Landmarks.app */,
				4993101626F39DD4009290AD /* LandmarksTests.xctest */,
				4993102126F39DD5009290AD /* LandmarksUITests.xctest */,
			);
			name = Products;
			sourceTree = "<group>";
		};
		4993100726F39DD2009290AD /* Landmarks */ = {
			isa = PBXGroup;
			children = (
				4993100826F39DD2009290AD /* LandmarksApp.swift */,
				4993104026F3AD25009290AD /* Landmark.swift */,
				4993105026F3B236009290AD /* Model */,
				4993104F26F3B220009290AD /* Views */,
				4993100C26F39DD4009290AD /* Assets.xcassets */,
				4993101126F39DD4009290AD /* Info.plist */,
				4993105126F3B23F009290AD /* Resources */,
				4993100E26F39DD4009290AD /* Preview Content */,
			);
			path = Landmarks;
			sourceTree = "<group>";
		};
		4993100E26F39DD4009290AD /* Preview Content */ = {
			isa = PBXGroup;
			children = (
				4993100F26F39DD4009290AD /* Preview Assets.xcassets */,
			);
			path = "Preview Content";
			sourceTree = "<group>";
		};
		4993101926F39DD4009290AD /* LandmarksTests */ = {
			isa = PBXGroup;
			children = (
				4993101A26F39DD5009290AD /* LandmarksTests.swift */,
				4993101C26F39DD5009290AD /* Info.plist */,
			);
			path = LandmarksTests;
			sourceTree = "<group>";
		};
		4993102426F39DD5009290AD /* LandmarksUITests */ = {
			isa = PBXGroup;
			children = (
				4993102526F39DD5009290AD /* LandmarksUITests.swift */,
				4993102726F39DD5009290AD /* Info.plist */,
			);
			path = LandmarksUITests;
			sourceTree = "<group>";
		};
		4993104F26F3B220009290AD /* Views */ = {
			isa = PBXGroup;
			children = (
				4993100A26F39DD2009290AD /* ContentView.swift */,
				4993108A26F43012009290AD /* Badges */,
				4993106926F428F1009290AD /* Helpers */,
				4993106D26F428FD009290AD /* Landmarks */,
			);
			path = Views;
			sourceTree = "<group>";
		};
		4993105026F3B236009290AD /* Model */ = {
			isa = PBXGroup;
			children = (
				4993104A26F3B0C2009290AD /* ModelData.swift */,
			);
			path = Model;
			sourceTree = "<group>";
		};
		4993105126F3B23F009290AD /* Resources */ = {
			isa = PBXGroup;
			children = (
				4993108E26F43107009290AD /* hikeData.json */,
				4993104526F3AF9A009290AD /* landmarkData.json */,
			);
			path = Resources;
			sourceTree = "<group>";
		};
		4993106926F428F1009290AD /* Helpers */ = {
			isa = PBXGroup;
			children = (
				4993103626F3A2C3009290AD /* CircleImage.swift */,
				4993103B26F3A3A6009290AD /* MapView.swift */,
				4993106426F42877009290AD /* FavoriteButton.swift */,
			);
			path = Helpers;
			sourceTree = "<group>";
		};
		4993106D26F428FD009290AD /* Landmarks */ = {
			isa = PBXGroup;
			children = (
				4993105F26F3B670009290AD /* LandmarkDetail.swift */,
				4993105226F3B284009290AD /* LandmarkRow.swift */,
				4993105A26F3B4DE009290AD /* LandmarkList.swift */,
			);
			path = Landmarks;
			sourceTree = "<group>";
		};
		4993108A26F43012009290AD /* Badges */ = {
			isa = PBXGroup;
			children = (
				4993107B26F42EA9009290AD /* BadgeSymbol.swift */,
				4993108026F42ED5009290AD /* RotatedBadgeSymbol.swift */,
				4993108526F42FC1009290AD /* Badge.swift */,
				4993107126F42C65009290AD /* HexagonParameters.swift */,
				4993107626F42D73009290AD /* BadgeBackground.swift */,
			);
			path = Badges;
			sourceTree = "<group>";
		};
/* End PBXGroup section */

/* Begin PBXNativeTarget section */
		4993100426F39DD2009290AD /* Landmarks */ = {
			isa = PBXNativeTarget;
			buildConfigurationList = 4993102A26F39DD5009290AD /* Build configuration list for PBXNativeTarget "Landmarks" */;
			buildPhases = (
				4993100126F39DD2009290AD /* Sources */,
				4993100226F39DD2009290AD /* Frameworks */,
				4993100326F39DD2009290AD /* Resources */,
			);
			buildRules = (
			);
			dependencies = (
			);
			name = Landmarks;
			productName = Landmarks;
			productReference = 4993100526F39DD2009290AD /* Landmarks.app */;
			productType = "com.apple.product-type.application";
		};
		4993101526F39DD4009290AD /* LandmarksTests */ = {
			isa = PBXNativeTarget;
			buildConfigurationList = 4993102D26F39DD5009290AD /* Build configuration list for PBXNativeTarget "LandmarksTests" */;
			buildPhases = (
				4993101226F39DD4009290AD /* Sources */,
				4993101326F39DD4009290AD /* Frameworks */,
				4993101426F39DD4009290AD /* Resources */,
			);
			buildRules = (
			);
			dependencies = (
				4993101826F39DD4009290AD /* PBXTargetDependency */,
			);
			name = LandmarksTests;
			productName = LandmarksTests;
			productReference = 4993101626F39DD4009290AD /* LandmarksTests.xctest */;
			productType = "com.apple.product-type.bundle.unit-test";
		};
		4993102026F39DD5009290AD /* LandmarksUITests */ = {
			isa = PBXNativeTarget;
			buildConfigurationList = 4993103026F39DD5009290AD /* Build configuration list for PBXNativeTarget "LandmarksUITests" */;
			buildPhases = (
				4993101D26F39DD5009290AD /* Sources */,
				4993101E26F39DD5009290AD /* Frameworks */,
				4993101F26F39DD5009290AD /* Resources */,
			);
			buildRules = (
			);
			dependencies = (
				4993102326F39DD5009290AD /* PBXTargetDependency */,
			);
			name = LandmarksUITests;
			productName = LandmarksUITests;
			productReference = 4993102126F39DD5009290AD /* LandmarksUITests.xctest */;
			productType = "com.apple.product-type.bundle.ui-testing";
		};
/* End PBXNativeTarget section */

/* Begin PBXProject section */
		49930FFD26F39DD2009290AD /* Project object */ = {
			isa = PBXProject;
			attributes = {
				LastSwiftUpdateCheck = 1240;
				LastUpgradeCheck = 1240;
				TargetAttributes = {
					4993100426F39DD2009290AD = {
						CreatedOnToolsVersion = 12.4;
					};
					4993101526F39DD4009290AD = {
						CreatedOnToolsVersion = 12.4;
						TestTargetID = 4993100426F39DD2009290AD;
					};
					4993102026F39DD5009290AD = {
						CreatedOnToolsVersion = 12.4;
						TestTargetID = 4993100426F39DD2009290AD;
					};
				};
			};
			buildConfigurationList = 4993100026F39DD2009290AD /* Build configuration list for PBXProject "Landmarks" */;
			compatibilityVersion = "Xcode 9.3";
			developmentRegion = en;
			hasScannedForEncodings = 0;
			knownRegions = (
				en,
				Base,
			);
			mainGroup = 49930FFC26F39DD2009290AD;
			productRefGroup = 4993100626F39DD2009290AD /* Products */;
			projectDirPath = "";
			projectRoot = "";
			targets = (
				4993100426F39DD2009290AD /* Landmarks */,
				4993101526F39DD4009290AD /* LandmarksTests */,
				4993102026F39DD5009290AD /* LandmarksUITests */,
			);
		};
/* End PBXProject section */

/* Begin PBXResourcesBuildPhase section */
		4993100326F39DD2009290AD /* Resources */ = {
			isa = PBXResourcesBuildPhase;
			buildActionMask = 2147483647;
			files = (
				4993108F26F43107009290AD /* hikeData.json in Resources */,
				4993101026F39DD4009290AD /* Preview Assets.xcassets in Resources */,
				4993100D26F39DD4009290AD /* Assets.xcassets in Resources */,
				4993104626F3AF9A009290AD /* landmarkData.json in Resources */,
			);
			runOnlyForDeploymentPostprocessing = 0;
		};
		4993101426F39DD4009290AD /* Resources */ = {
			isa = PBXResourcesBuildPhase;
			buildActionMask = 2147483647;
			files = (
			);
			runOnlyForDeploymentPostprocessing = 0;
		};
		4993101F26F39DD5009290AD /* Resources */ = {
			isa = PBXResourcesBuildPhase;
			buildActionMask = 2147483647;
			files = (
			);
			runOnlyForDeploymentPostprocessing = 0;
		};
/* End PBXResourcesBuildPhase section */

/* Begin PBXSourcesBuildPhase section */
		4993100126F39DD2009290AD /* Sources */ = {
			isa = PBXSourcesBuildPhase;
			buildActionMask = 2147483647;
			files = (
				4993100B26F39DD2009290AD /* ContentView.swift in Sources */,
				4993108626F42FC1009290AD /* Badge.swift in Sources */,
				4993103C26F3A3A6009290AD /* MapView.swift in Sources */,
				4993100926F39DD2009290AD /* LandmarksApp.swift in Sources */,
				4993106526F42877009290AD /* FavoriteButton.swift in Sources */,
				4993107226F42C65009290AD /* HexagonParameters.swift in Sources */,
				4993108126F42ED5009290AD /* RotatedBadgeSymbol.swift in Sources */,
				4993107C26F42EA9009290AD /* BadgeSymbol.swift in Sources */,
				4993105B26F3B4DE009290AD /* LandmarkList.swift in Sources */,
				4993106026F3B670009290AD /* LandmarkDetail.swift in Sources */,
				4993107726F42D73009290AD /* BadgeBackground.swift in Sources */,
				4993103726F3A2C4009290AD /* CircleImage.swift in Sources */,
				4993104126F3AD25009290AD /* Landmark.swift in Sources */,
				4993105326F3B284009290AD /* LandmarkRow.swift in Sources */,
				4993104B26F3B0C2009290AD /* ModelData.swift in Sources */,
			);
			runOnlyForDeploymentPostprocessing = 0;
		};
		4993101226F39DD4009290AD /* Sources */ = {
			isa = PBXSourcesBuildPhase;
			buildActionMask = 2147483647;
			files = (
				4993101B26F39DD5009290AD /* LandmarksTests.swift in Sources */,
			);
			runOnlyForDeploymentPostprocessing = 0;
		};
		4993101D26F39DD5009290AD /* Sources */ = {
			isa = PBXSourcesBuildPhase;
			buildActionMask = 2147483647;
			files = (
				4993102626F39DD5009290AD /* LandmarksUITests.swift in Sources */,
			);
			runOnlyForDeploymentPostprocessing = 0;
		};
/* End PBXSourcesBuildPhase section */

/* Begin PBXTargetDependency section */
		4993101826F39DD4009290AD /* PBXTargetDependency */ = {
			isa = PBXTargetDependency;
			target = 4993100426F39DD2009290AD /* Landmarks */;
			targetProxy = 4993101726F39DD4009290AD /* PBXContainerItemProxy */;
		};
		4993102326F39DD5009290AD /* PBXTargetDependency */ = {
			isa = PBXTargetDependency;
			target = 4993100426F39DD2009290AD /* Landmarks */;
			targetProxy = 4993102226F39DD5009290AD /* PBXContainerItemProxy */;
		};
/* End PBXTargetDependency section */

/* Begin XCBuildConfiguration section */
		4993102826F39DD5009290AD /* Debug */ = {
			isa = XCBuildConfiguration;
			buildSettings = {
				ALWAYS_SEARCH_USER_PATHS = NO;
				CLANG_ANALYZER_NONNULL = YES;
				CLANG_ANALYZER_NUMBER_OBJECT_CONVERSION = YES_AGGRESSIVE;
				CLANG_CXX_LANGUAGE_STANDARD = "gnu++14";
				CLANG_CXX_LIBRARY = "libc++";
				CLANG_ENABLE_MODULES = YES;
				CLANG_ENABLE_OBJC_ARC = YES;
				CLANG_ENABLE_OBJC_WEAK = YES;
				CLANG_WARN_BLOCK_CAPTURE_AUTORELEASING = YES;
				CLANG_WARN_BOOL_CONVERSION = YES;
				CLANG_WARN_COMMA = YES;
				CLANG_WARN_CONSTANT_CONVERSION = YES;
				CLANG_WARN_DEPRECATED_OBJC_IMPLEMENTATIONS = YES;
				CLANG_WARN_DIRECT_OBJC_ISA_USAGE = YES_ERROR;
				CLANG_WARN_DOCUMENTATION_COMMENTS = YES;
				CLANG_WARN_EMPTY_BODY = YES;
				CLANG_WARN_ENUM_CONVERSION = YES;
				CLANG_WARN_INFINITE_RECURSION = YES;
				CLANG_WARN_INT_CONVERSION = YES;
				CLANG_WARN_NON_LITERAL_NULL_CONVERSION = YES;
				CLANG_WARN_OBJC_IMPLICIT_RETAIN_SELF = YES;
				CLANG_WARN_OBJC_LITERAL_CONVERSION = YES;
				CLANG_WARN_OBJC_ROOT_CLASS = YES_ERROR;
				CLANG_WARN_QUOTED_INCLUDE_IN_FRAMEWORK_HEADER = YES;
				CLANG_WARN_RANGE_LOOP_ANALYSIS = YES;
				CLANG_WARN_STRICT_PROTOTYPES = YES;
				CLANG_WARN_SUSPICIOUS_MOVE = YES;
				CLANG_WARN_UNGUARDED_AVAILABILITY = YES_AGGRESSIVE;
				CLANG_WARN_UNREACHABLE_CODE = YES;
				CLANG_WARN__DUPLICATE_METHOD_MATCH = YES;
				COPY_PHASE_STRIP = NO;
				DEBUG_INFORMATION_FORMAT = dwarf;
				ENABLE_STRICT_OBJC_MSGSEND = YES;
				ENABLE_TESTABILITY = YES;
				GCC_C_LANGUAGE_STANDARD = gnu11;
				GCC_DYNAMIC_NO_PIC = NO;
				GCC_NO_COMMON_BLOCKS = YES;
				GCC_OPTIMIZATION_LEVEL = 0;
				GCC_PREPROCESSOR_DEFINITIONS = (
					"DEBUG=1",
					"$(inherited)",
				);
				GCC_WARN_64_TO_32_BIT_CONVERSION = YES;
				GCC_WARN_ABOUT_RETURN_TYPE = YES_ERROR;
				GCC_WARN_UNDECLARED_SELECTOR = YES;
				GCC_WARN_UNINITIALIZED_AUTOS = YES_AGGRESSIVE;
				GCC_WARN_UNUSED_FUNCTION = YES;
				GCC_WARN_UNUSED_VARIABLE = YES;
				IPHONEOS_DEPLOYMENT_TARGET = 14.4;
				MTL_ENABLE_DEBUG_INFO = INCLUDE_SOURCE;
				MTL_FAST_MATH = YES;
				ONLY_ACTIVE_ARCH = YES;
				SDKROOT = iphoneos;
				SWIFT_ACTIVE_COMPILATION_CONDITIONS = DEBUG;
				SWIFT_OPTIMIZATION_LEVEL = "-Onone";
			};
			name = Debug;
		};
		4993102926F39DD5009290AD /* Release */ = {
			isa = XCBuildConfiguration;
			buildSettings = {
				ALWAYS_SEARCH_USER_PATHS = NO;
				CLANG_ANALYZER_NONNULL = YES;
				CLANG_ANALYZER_NUMBER_OBJECT_CONVERSION = YES_AGGRESSIVE;
				CLANG_CXX_LANGUAGE_STANDARD = "gnu++14";
				CLANG_CXX_LIBRARY = "libc++";
				CLANG_ENABLE_MODULES = YES;
				CLANG_ENABLE_OBJC_ARC = YES;
				CLANG_ENABLE_OBJC_WEAK = YES;
				CLANG_WARN_BLOCK_CAPTURE_AUTORELEASING = YES;
				CLANG_WARN_BOOL_CONVERSION = YES;
				CLANG_WARN_COMMA = YES;
				CLANG_WARN_CONSTANT_CONVERSION = YES;
				CLANG_WARN_DEPRECATED_OBJC_IMPLEMENTATIONS = YES;
				CLANG_WARN_DIRECT_OBJC_ISA_USAGE = YES_ERROR;
				CLANG_WARN_DOCUMENTATION_COMMENTS = YES;
				CLANG_WARN_EMPTY_BODY = YES;
				CLANG_WARN_ENUM_CONVERSION = YES;
				CLANG_WARN_INFINITE_RECURSION = YES;
				CLANG_WARN_INT_CONVERSION = YES;
				CLANG_WARN_NON_LITERAL_NULL_CONVERSION = YES;
				CLANG_WARN_OBJC_IMPLICIT_RETAIN_SELF = YES;
				CLANG_WARN_OBJC_LITERAL_CONVERSION = YES;
				CLANG_WARN_OBJC_ROOT_CLASS = YES_ERROR;
				CLANG_WARN_QUOTED_INCLUDE_IN_FRAMEWORK_HEADER = YES;
				CLANG_WARN_RANGE_LOOP_ANALYSIS = YES;
				CLANG_WARN_STRICT_PROTOTYPES = YES;
				CLANG_WARN_SUSPICIOUS_MOVE = YES;
				CLANG_WARN_UNGUARDED_AVAILABILITY = YES_AGGRESSIVE;
				CLANG_WARN_UNREACHABLE_CODE = YES;
				CLANG_WARN__DUPLICATE_METHOD_MATCH = YES;
				COPY_PHASE_STRIP = NO;
				DEBUG_INFORMATION_FORMAT = "dwarf-with-dsym";
				ENABLE_NS_ASSERTIONS = NO;
				ENABLE_STRICT_OBJC_MSGSEND = YES;
				GCC_C_LANGUAGE_STANDARD = gnu11;
				GCC_NO_COMMON_BLOCKS = YES;
				GCC_WARN_64_TO_32_BIT_CONVERSION = YES;
				GCC_WARN_ABOUT_RETURN_TYPE = YES_ERROR;
				GCC_WARN_UNDECLARED_SELECTOR = YES;
				GCC_WARN_UNINITIALIZED_AUTOS = YES_AGGRESSIVE;
				GCC_WARN_UNUSED_FUNCTION = YES;
				GCC_WARN_UNUSED_VARIABLE = YES;
				IPHONEOS_DEPLOYMENT_TARGET = 14.4;
				MTL_ENABLE_DEBUG_INFO = NO;
				MTL_FAST_MATH = YES;
				SDKROOT = iphoneos;
				SWIFT_COMPILATION_MODE = wholemodule;
				SWIFT_OPTIMIZATION_LEVEL = "-O";
				VALIDATE_PRODUCT = YES;
			};
			name = Release;
		};
		4993102B26F39DD5009290AD /* Debug */ = {
			isa = XCBuildConfiguration;
			buildSettings = {
				ASSETCATALOG_COMPILER_APPICON_NAME = AppIcon;
				ASSETCATALOG_COMPILER_GLOBAL_ACCENT_COLOR_NAME = AccentColor;
				CODE_SIGN_STYLE = Automatic;
				DEVELOPMENT_ASSET_PATHS = "\"Landmarks/Preview Content\"";
				DEVELOPMENT_TEAM = 49RPZ8TH56;
				ENABLE_PREVIEWS = YES;
				INFOPLIST_FILE = Landmarks/Info.plist;
				IPHONEOS_DEPLOYMENT_TARGET = 14.0;
				LD_RUNPATH_SEARCH_PATHS = (
					"$(inherited)",
					"@executable_path/Frameworks",
				);
				PRODUCT_BUNDLE_IDENTIFIER = com.patrickclarkmorgan.Landmarks;
				PRODUCT_NAME = "$(TARGET_NAME)";
				SWIFT_VERSION = 5.0;
				TARGETED_DEVICE_FAMILY = "1,2";
			};
			name = Debug;
		};
		4993102C26F39DD5009290AD /* Release */ = {
			isa = XCBuildConfiguration;
			buildSettings = {
				ASSETCATALOG_COMPILER_APPICON_NAME = AppIcon;
				ASSETCATALOG_COMPILER_GLOBAL_ACCENT_COLOR_NAME = AccentColor;
				CODE_SIGN_STYLE = Automatic;
				DEVELOPMENT_ASSET_PATHS = "\"Landmarks/Preview Content\"";
				DEVELOPMENT_TEAM = 49RPZ8TH56;
				ENABLE_PREVIEWS = YES;
				INFOPLIST_FILE = Landmarks/Info.plist;
				IPHONEOS_DEPLOYMENT_TARGET = 14.0;
				LD_RUNPATH_SEARCH_PATHS = (
					"$(inherited)",
					"@executable_path/Frameworks",
				);
				PRODUCT_BUNDLE_IDENTIFIER = com.patrickclarkmorgan.Landmarks;
				PRODUCT_NAME = "$(TARGET_NAME)";
				SWIFT_VERSION = 5.0;
				TARGETED_DEVICE_FAMILY = "1,2";
			};
			name = Release;
		};
		4993102E26F39DD5009290AD /* Debug */ = {
			isa = XCBuildConfiguration;
			buildSettings = {
				ALWAYS_EMBED_SWIFT_STANDARD_LIBRARIES = YES;
				BUNDLE_LOADER = "$(TEST_HOST)";
				CODE_SIGN_STYLE = Automatic;
				DEVELOPMENT_TEAM = 49RPZ8TH56;
				INFOPLIST_FILE = LandmarksTests/Info.plist;
				IPHONEOS_DEPLOYMENT_TARGET = 14.0;
				LD_RUNPATH_SEARCH_PATHS = (
					"$(inherited)",
					"@executable_path/Frameworks",
					"@loader_path/Frameworks",
				);
				PRODUCT_BUNDLE_IDENTIFIER = com.patrickclarkmorgan.LandmarksTests;
				PRODUCT_NAME = "$(TARGET_NAME)";
				SWIFT_VERSION = 5.0;
				TARGETED_DEVICE_FAMILY = "1,2";
				TEST_HOST = "$(BUILT_PRODUCTS_DIR)/Landmarks.app/Landmarks";
			};
			name = Debug;
		};
		4993102F26F39DD5009290AD /* Release */ = {
			isa = XCBuildConfiguration;
			buildSettings = {
				ALWAYS_EMBED_SWIFT_STANDARD_LIBRARIES = YES;
				BUNDLE_LOADER = "$(TEST_HOST)";
				CODE_SIGN_STYLE = Automatic;
				DEVELOPMENT_TEAM = 49RPZ8TH56;
				INFOPLIST_FILE = LandmarksTests/Info.plist;
				IPHONEOS_DEPLOYMENT_TARGET = 14.0;
				LD_RUNPATH_SEARCH_PATHS = (
					"$(inherited)",
					"@executable_path/Frameworks",
					"@loader_path/Frameworks",
				);
				PRODUCT_BUNDLE_IDENTIFIER = com.patrickclarkmorgan.LandmarksTests;
				PRODUCT_NAME = "$(TARGET_NAME)";
				SWIFT_VERSION = 5.0;
				TARGETED_DEVICE_FAMILY = "1,2";
				TEST_HOST = "$(BUILT_PRODUCTS_DIR)/Landmarks.app/Landmarks";
			};
			name = Release;
		};
		4993103126F39DD5009290AD /* Debug */ = {
			isa = XCBuildConfiguration;
			buildSettings = {
				ALWAYS_EMBED_SWIFT_STANDARD_LIBRARIES = YES;
				CODE_SIGN_STYLE = Automatic;
				DEVELOPMENT_TEAM = 49RPZ8TH56;
				INFOPLIST_FILE = LandmarksUITests/Info.plist;
				LD_RUNPATH_SEARCH_PATHS = (
					"$(inherited)",
					"@executable_path/Frameworks",
					"@loader_path/Frameworks",
				);
				PRODUCT_BUNDLE_IDENTIFIER = com.patrickclarkmorgan.LandmarksUITests;
				PRODUCT_NAME = "$(TARGET_NAME)";
				SWIFT_VERSION = 5.0;
				TARGETED_DEVICE_FAMILY = "1,2";
				TEST_TARGET_NAME = Landmarks;
			};
			name = Debug;
		};
		4993103226F39DD5009290AD /* Release */ = {
			isa = XCBuildConfiguration;
			buildSettings = {
				ALWAYS_EMBED_SWIFT_STANDARD_LIBRARIES = YES;
				CODE_SIGN_STYLE = Automatic;
				DEVELOPMENT_TEAM = 49RPZ8TH56;
				INFOPLIST_FILE = LandmarksUITests/Info.plist;
				LD_RUNPATH_SEARCH_PATHS = (
					"$(inherited)",
					"@executable_path/Frameworks",
					"@loader_path/Frameworks",
				);
				PRODUCT_BUNDLE_IDENTIFIER = com.patrickclarkmorgan.LandmarksUITests;
				PRODUCT_NAME = "$(TARGET_NAME)";
				SWIFT_VERSION = 5.0;
				TARGETED_DEVICE_FAMILY = "1,2";
				TEST_TARGET_NAME = Landmarks;
			};
			name = Release;
		};
/* End XCBuildConfiguration section */

/* Begin XCConfigurationList section */
		4993100026F39DD2009290AD /* Build configuration list for PBXProject "Landmarks" */ = {
			isa = XCConfigurationList;
			buildConfigurations = (
				4993102826F39DD5009290AD /* Debug */,
				4993102926F39DD5009290AD /* Release */,
			);
			defaultConfigurationIsVisible = 0;
			defaultConfigurationName = Release;
		};
		4993102A26F39DD5009290AD /* Build configuration list for PBXNativeTarget "Landmarks" */ = {
			isa = XCConfigurationList;
			buildConfigurations = (
				4993102B26F39DD5009290AD /* Debug */,
				4993102C26F39DD5009290AD /* Release */,
			);
			defaultConfigurationIsVisible = 0;
			defaultConfigurationName = Release;
		};
		4993102D26F39DD5009290AD /* Build configuration list for PBXNativeTarget "LandmarksTests" */ = {
			isa = XCConfigurationList;
			buildConfigurations = (
				4993102E26F39DD5009290AD /* Debug */,
				4993102F26F39DD5009290AD /* Release */,
			);
			defaultConfigurationIsVisible = 0;
			defaultConfigurationName = Release;
		};
		4993103026F39DD5009290AD /* Build configuration list for PBXNativeTarget "LandmarksUITests" */ = {
			isa = XCConfigurationList;
			buildConfigurations = (
				4993103126F39DD5009290AD /* Debug */,
				4993103226F39DD5009290AD /* Release */,
			);
			defaultConfigurationIsVisible = 0;
			defaultConfigurationName = Release;
		};
/* End XCConfigurationList section */
	};
	rootObject = 49930FFD26F39DD2009290AD /* Project object */;
}
